// !$*UTF8*$!
{
	archiveVersion = 1;
	classes = {
	};
	objectVersion = 46;
	objects = {

/* Begin PBXBuildFile section */
		4496250B15ACDDA4007FD7A3 /* UIKit.framework in Frameworks */ = {isa = PBXBuildFile; fileRef = 4496250A15ACDDA4007FD7A3 /* UIKit.framework */; };
		4496250D15ACDDA4007FD7A3 /* Foundation.framework in Frameworks */ = {isa = PBXBuildFile; fileRef = 4496250C15ACDDA4007FD7A3 /* Foundation.framework */; };
		4496250F15ACDDA4007FD7A3 /* CoreGraphics.framework in Frameworks */ = {isa = PBXBuildFile; fileRef = 4496250E15ACDDA4007FD7A3 /* CoreGraphics.framework */; };
		4496251515ACDDA4007FD7A3 /* InfoPlist.strings in Resources */ = {isa = PBXBuildFile; fileRef = 4496251315ACDDA4007FD7A3 /* InfoPlist.strings */; };
		4496251715ACDDA4007FD7A3 /* main.m in Sources */ = {isa = PBXBuildFile; fileRef = 4496251615ACDDA4007FD7A3 /* main.m */; };
		4496251B15ACDDA4007FD7A3 /* AppDelegate.m in Sources */ = {isa = PBXBuildFile; fileRef = 4496251A15ACDDA4007FD7A3 /* AppDelegate.m */; };
		4496251E15ACDDA4007FD7A3 /* MainStoryboard_iPhone.storyboard in Resources */ = {isa = PBXBuildFile; fileRef = 4496251C15ACDDA4007FD7A3 /* MainStoryboard_iPhone.storyboard */; };
		4496252115ACDDA4007FD7A3 /* MainStoryboard_iPad.storyboard in Resources */ = {isa = PBXBuildFile; fileRef = 4496251F15ACDDA4007FD7A3 /* MainStoryboard_iPad.storyboard */; };
		4496252415ACDDA4007FD7A3 /* FirstViewController.m in Sources */ = {isa = PBXBuildFile; fileRef = 4496252315ACDDA4007FD7A3 /* FirstViewController.m */; };
		4496252615ACDDA4007FD7A3 /* first.png in Resources */ = {isa = PBXBuildFile; fileRef = 4496252515ACDDA4007FD7A3 /* first.png */; };
		4496252815ACDDA4007FD7A3 /* first@2x.png in Resources */ = {isa = PBXBuildFile; fileRef = 4496252715ACDDA4007FD7A3 /* first@2x.png */; };
		4496252B15ACDDA4007FD7A3 /* SecondViewController.m in Sources */ = {isa = PBXBuildFile; fileRef = 4496252A15ACDDA4007FD7A3 /* SecondViewController.m */; };
		4496252D15ACDDA4007FD7A3 /* second.png in Resources */ = {isa = PBXBuildFile; fileRef = 4496252C15ACDDA4007FD7A3 /* second.png */; };
		4496252F15ACDDA4007FD7A3 /* second@2x.png in Resources */ = {isa = PBXBuildFile; fileRef = 4496252E15ACDDA4007FD7A3 /* second@2x.png */; };
		44EFFD5915B0B3B600D5BD12 /* AVFoundation.framework in Frameworks */ = {isa = PBXBuildFile; fileRef = 44EFFD5815B0B3B600D5BD12 /* AVFoundation.framework */; };
/* End PBXBuildFile section */

/* Begin PBXFileReference section */
		4496250615ACDDA4007FD7A3 /* DynaFocus.app */ = {isa = PBXFileReference; explicitFileType = wrapper.application; includeInIndex = 0; path = DynaFocus.app; sourceTree = BUILT_PRODUCTS_DIR; };
		4496250A15ACDDA4007FD7A3 /* UIKit.framework */ = {isa = PBXFileReference; lastKnownFileType = wrapper.framework; name = UIKit.framework; path = System/Library/Frameworks/UIKit.framework; sourceTree = SDKROOT; };
		4496250C15ACDDA4007FD7A3 /* Foundation.framework */ = {isa = PBXFileReference; lastKnownFileType = wrapper.framework; name = Foundation.framework; path = System/Library/Frameworks/Foundation.framework; sourceTree = SDKROOT; };
		4496250E15ACDDA4007FD7A3 /* CoreGraphics.framework */ = {isa = PBXFileReference; lastKnownFileType = wrapper.framework; name = CoreGraphics.framework; path = System/Library/Frameworks/CoreGraphics.framework; sourceTree = SDKROOT; };
		4496251215ACDDA4007FD7A3 /* DynaFocus-Info.plist */ = {isa = PBXFileReference; lastKnownFileType = text.plist.xml; path = "DynaFocus-Info.plist"; sourceTree = "<group>"; };
		4496251415ACDDA4007FD7A3 /* en */ = {isa = PBXFileReference; lastKnownFileType = text.plist.strings; name = en; path = en.lproj/InfoPlist.strings; sourceTree = "<group>"; };
		4496251615ACDDA4007FD7A3 /* main.m */ = {isa = PBXFileReference; lastKnownFileType = sourcecode.c.objc; path = main.m; sourceTree = "<group>"; };
		4496251815ACDDA4007FD7A3 /* DynaFocus-Prefix.pch */ = {isa = PBXFileReference; lastKnownFileType = sourcecode.c.h; path = "DynaFocus-Prefix.pch"; sourceTree = "<group>"; };
		4496251915ACDDA4007FD7A3 /* AppDelegate.h */ = {isa = PBXFileReference; lastKnownFileType = sourcecode.c.h; path = AppDelegate.h; sourceTree = "<group>"; };
		4496251A15ACDDA4007FD7A3 /* AppDelegate.m */ = {isa = PBXFileReference; lastKnownFileType = sourcecode.c.objc; path = AppDelegate.m; sourceTree = "<group>"; };
		4496251D15ACDDA4007FD7A3 /* en */ = {isa = PBXFileReference; lastKnownFileType = file.storyboard; name = en; path = en.lproj/MainStoryboard_iPhone.storyboard; sourceTree = "<group>"; };
		4496252015ACDDA4007FD7A3 /* en */ = {isa = PBXFileReference; lastKnownFileType = file.storyboard; name = en; path = en.lproj/MainStoryboard_iPad.storyboard; sourceTree = "<group>"; };
		4496252215ACDDA4007FD7A3 /* FirstViewController.h */ = {isa = PBXFileReference; lastKnownFileType = sourcecode.c.h; path = FirstViewController.h; sourceTree = "<group>"; };
		4496252315ACDDA4007FD7A3 /* FirstViewController.m */ = {isa = PBXFileReference; lastKnownFileType = sourcecode.c.objc; path = FirstViewController.m; sourceTree = "<group>"; };
		4496252515ACDDA4007FD7A3 /* first.png */ = {isa = PBXFileReference; lastKnownFileType = image.png; path = first.png; sourceTree = "<group>"; };
		4496252715ACDDA4007FD7A3 /* first@2x.png */ = {isa = PBXFileReference; lastKnownFileType = image.png; path = "first@2x.png"; sourceTree = "<group>"; };
		4496252915ACDDA4007FD7A3 /* SecondViewController.h */ = {isa = PBXFileReference; lastKnownFileType = sourcecode.c.h; path = SecondViewController.h; sourceTree = "<group>"; };
		4496252A15ACDDA4007FD7A3 /* SecondViewController.m */ = {isa = PBXFileReference; lastKnownFileType = sourcecode.c.objc; path = SecondViewController.m; sourceTree = "<group>"; };
		4496252C15ACDDA4007FD7A3 /* second.png */ = {isa = PBXFileReference; lastKnownFileType = image.png; path = second.png; sourceTree = "<group>"; };
		4496252E15ACDDA4007FD7A3 /* second@2x.png */ = {isa = PBXFileReference; lastKnownFileType = image.png; path = "second@2x.png"; sourceTree = "<group>"; };
		44EFFD5815B0B3B600D5BD12 /* AVFoundation.framework */ = {isa = PBXFileReference; lastKnownFileType = wrapper.framework; name = AVFoundation.framework; path = System/Library/Frameworks/AVFoundation.framework; sourceTree = SDKROOT; };
/* End PBXFileReference section */

/* Begin PBXFrameworksBuildPhase section */
		4496250315ACDDA4007FD7A3 /* Frameworks */ = {
			isa = PBXFrameworksBuildPhase;
			buildActionMask = 2147483647;
			files = (
				44EFFD5915B0B3B600D5BD12 /* AVFoundation.framework in Frameworks */,
				4496250B15ACDDA4007FD7A3 /* UIKit.framework in Frameworks */,
				4496250D15ACDDA4007FD7A3 /* Foundation.framework in Frameworks */,
				4496250F15ACDDA4007FD7A3 /* CoreGraphics.framework in Frameworks */,
			);
			runOnlyForDeploymentPostprocessing = 0;
		};
/* End PBXFrameworksBuildPhase section */

/* Begin PBXGroup section */
		449624FB15ACDDA4007FD7A3 = {
			isa = PBXGroup;
			children = (
				44EFFD5815B0B3B600D5BD12 /* AVFoundation.framework */,
				4496251015ACDDA4007FD7A3 /* DynaFocus */,
				4496250915ACDDA4007FD7A3 /* Frameworks */,
				4496250715ACDDA4007FD7A3 /* Products */,
			);
			sourceTree = "<group>";
		};
		4496250715ACDDA4007FD7A3 /* Products */ = {
			isa = PBXGroup;
			children = (
				4496250615ACDDA4007FD7A3 /* DynaFocus.app */,
			);
			name = Products;
			sourceTree = "<group>";
		};
		4496250915ACDDA4007FD7A3 /* Frameworks */ = {
			isa = PBXGroup;
			children = (
				4496250A15ACDDA4007FD7A3 /* UIKit.framework */,
				4496250C15ACDDA4007FD7A3 /* Foundation.framework */,
				4496250E15ACDDA4007FD7A3 /* CoreGraphics.framework */,
			);
			name = Frameworks;
			sourceTree = "<group>";
		};
		4496251015ACDDA4007FD7A3 /* DynaFocus */ = {
			isa = PBXGroup;
			children = (
				4496251915ACDDA4007FD7A3 /* AppDelegate.h */,
				4496251A15ACDDA4007FD7A3 /* AppDelegate.m */,
				4496251C15ACDDA4007FD7A3 /* MainStoryboard_iPhone.storyboard */,
				4496251F15ACDDA4007FD7A3 /* MainStoryboard_iPad.storyboard */,
				4496252215ACDDA4007FD7A3 /* FirstViewController.h */,
				4496252315ACDDA4007FD7A3 /* FirstViewController.m */,
				4496252515ACDDA4007FD7A3 /* first.png */,
				4496252715ACDDA4007FD7A3 /* first@2x.png */,
				4496252915ACDDA4007FD7A3 /* SecondViewController.h */,
				4496252A15ACDDA4007FD7A3 /* SecondViewController.m */,
				4496252C15ACDDA4007FD7A3 /* second.png */,
				4496252E15ACDDA4007FD7A3 /* second@2x.png */,
				4496251115ACDDA4007FD7A3 /* Supporting Files */,
			);
			path = DynaFocus;
			sourceTree = "<group>";
		};
		4496251115ACDDA4007FD7A3 /* Supporting Files */ = {
			isa = PBXGroup;
			children = (
				4496251215ACDDA4007FD7A3 /* DynaFocus-Info.plist */,
				4496251315ACDDA4007FD7A3 /* InfoPlist.strings */,
				4496251615ACDDA4007FD7A3 /* main.m */,
				4496251815ACDDA4007FD7A3 /* DynaFocus-Prefix.pch */,
			);
			name = "Supporting Files";
			sourceTree = "<group>";
		};
/* End PBXGroup section */

/* Begin PBXNativeTarget section */
		4496250515ACDDA4007FD7A3 /* DynaFocus */ = {
			isa = PBXNativeTarget;
			buildConfigurationList = 4496253215ACDDA4007FD7A3 /* Build configuration list for PBXNativeTarget "DynaFocus" */;
			buildPhases = (
				4496250215ACDDA4007FD7A3 /* Sources */,
				4496250315ACDDA4007FD7A3 /* Frameworks */,
				4496250415ACDDA4007FD7A3 /* Resources */,
			);
			buildRules = (
			);
			dependencies = (
			);
			name = DynaFocus;
			productName = DynaFocus;
			productReference = 4496250615ACDDA4007FD7A3 /* DynaFocus.app */;
			productType = "com.apple.product-type.application";
		};
/* End PBXNativeTarget section */

/* Begin PBXProject section */
		449624FD15ACDDA4007FD7A3 /* Project object */ = {
			isa = PBXProject;
			attributes = {
				LastUpgradeCheck = 0420;
				ORGANIZATIONNAME = Ufscar;
			};
			buildConfigurationList = 4496250015ACDDA4007FD7A3 /* Build configuration list for PBXProject "DynaFocus" */;
			compatibilityVersion = "Xcode 3.2";
			developmentRegion = English;
			hasScannedForEncodings = 0;
			knownRegions = (
				en,
			);
			mainGroup = 449624FB15ACDDA4007FD7A3;
			productRefGroup = 4496250715ACDDA4007FD7A3 /* Products */;
			projectDirPath = "";
			projectRoot = "";
			targets = (
				4496250515ACDDA4007FD7A3 /* DynaFocus */,
			);
		};
/* End PBXProject section */

/* Begin PBXResourcesBuildPhase section */
		4496250415ACDDA4007FD7A3 /* Resources */ = {
			isa = PBXResourcesBuildPhase;
			buildActionMask = 2147483647;
			files = (
				4496251515ACDDA4007FD7A3 /* InfoPlist.strings in Resources */,
				4496251E15ACDDA4007FD7A3 /* MainStoryboard_iPhone.storyboard in Resources */,
				4496252115ACDDA4007FD7A3 /* MainStoryboard_iPad.storyboard in Resources */,
				4496252615ACDDA4007FD7A3 /* first.png in Resources */,
				4496252815ACDDA4007FD7A3 /* first@2x.png in Resources */,
				4496252D15ACDDA4007FD7A3 /* second.png in Resources */,
				4496252F15ACDDA4007FD7A3 /* second@2x.png in Resources */,
			);
			runOnlyForDeploymentPostprocessing = 0;
		};
/* End PBXResourcesBuildPhase section */

/* Begin PBXSourcesBuildPhase section */
		4496250215ACDDA4007FD7A3 /* Sources */ = {
			isa = PBXSourcesBuildPhase;
			buildActionMask = 2147483647;
			files = (
				4496251715ACDDA4007FD7A3 /* main.m in Sources */,
				4496251B15ACDDA4007FD7A3 /* AppDelegate.m in Sources */,
				4496252415ACDDA4007FD7A3 /* FirstViewController.m in Sources */,
				4496252B15ACDDA4007FD7A3 /* SecondViewController.m in Sources */,
			);
			runOnlyForDeploymentPostprocessing = 0;
		};
/* End PBXSourcesBuildPhase section */

/* Begin PBXVariantGroup section */
		4496251315ACDDA4007FD7A3 /* InfoPlist.strings */ = {
			isa = PBXVariantGroup;
			children = (
				4496251415ACDDA4007FD7A3 /* en */,
			);
			name = InfoPlist.strings;
			sourceTree = "<group>";
		};
		4496251C15ACDDA4007FD7A3 /* MainStoryboard_iPhone.storyboard */ = {
			isa = PBXVariantGroup;
			children = (
				4496251D15ACDDA4007FD7A3 /* en */,
			);
			name = MainStoryboard_iPhone.storyboard;
			sourceTree = "<group>";
		};
		4496251F15ACDDA4007FD7A3 /* MainStoryboard_iPad.storyboard */ = {
			isa = PBXVariantGroup;
			children = (
				4496252015ACDDA4007FD7A3 /* en */,
			);
			name = MainStoryboard_iPad.storyboard;
			sourceTree = "<group>";
		};
/* End PBXVariantGroup section */

/* Begin XCBuildConfiguration section */
		4496253015ACDDA4007FD7A3 /* Debug */ = {
			isa = XCBuildConfiguration;
			buildSettings = {
				ALWAYS_SEARCH_USER_PATHS = NO;
				ARCHS = "$(ARCHS_STANDARD_32_BIT)";
				"CODE_SIGN_IDENTITY[sdk=iphoneos*]" = "iPhone Developer";
				COPY_PHASE_STRIP = NO;
				GCC_C_LANGUAGE_STANDARD = gnu99;
				GCC_DYNAMIC_NO_PIC = NO;
				GCC_OPTIMIZATION_LEVEL = 0;
				GCC_PREPROCESSOR_DEFINITIONS = (
					"DEBUG=1",
					"$(inherited)",
				);
				GCC_SYMBOLS_PRIVATE_EXTERN = NO;
				GCC_VERSION = com.apple.compilers.llvm.clang.1_0;
				GCC_WARN_ABOUT_MISSING_PROTOTYPES = YES;
				GCC_WARN_ABOUT_RETURN_TYPE = YES;
				GCC_WARN_UNUSED_VARIABLE = YES;
				IPHONEOS_DEPLOYMENT_TARGET = 5.0;
				"PROVISIONING_PROFILE[sdk=iphoneos*]" = "";
				SDKROOT = iphoneos;
				TARGETED_DEVICE_FAMILY = "1,2";
			};
			name = Debug;
		};
		4496253115ACDDA4007FD7A3 /* Release */ = {
			isa = XCBuildConfiguration;
			buildSettings = {
				ALWAYS_SEARCH_USER_PATHS = NO;
				ARCHS = "$(ARCHS_STANDARD_32_BIT)";
				"CODE_SIGN_IDENTITY[sdk=iphoneos*]" = "iPhone Developer";
				COPY_PHASE_STRIP = YES;
				GCC_C_LANGUAGE_STANDARD = gnu99;
				GCC_VERSION = com.apple.compilers.llvm.clang.1_0;
				GCC_WARN_ABOUT_MISSING_PROTOTYPES = YES;
				GCC_WARN_ABOUT_RETURN_TYPE = YES;
				GCC_WARN_UNUSED_VARIABLE = YES;
				IPHONEOS_DEPLOYMENT_TARGET = 5.0;
				OTHER_CFLAGS = "-DNS_BLOCK_ASSERTIONS=1";
				SDKROOT = iphoneos;
				TARGETED_DEVICE_FAMILY = "1,2";
				VALIDATE_PRODUCT = YES;
			};
			name = Release;
		};
		4496253315ACDDA4007FD7A3 /* Debug */ = {
			isa = XCBuildConfiguration;
			buildSettings = {
				GCC_PRECOMPILE_PREFIX_HEADER = YES;
				GCC_PREFIX_HEADER = "DynaFocus/DynaFocus-Prefix.pch";
				INFOPLIST_FILE = "DynaFocus/DynaFocus-Info.plist";
				IPHONEOS_DEPLOYMENT_TARGET = 5.0;
				PRODUCT_NAME = "$(TARGET_NAME)";
				TARGETED_DEVICE_FAMILY = 1;
				WRAPPER_EXTENSION = app;
			};
			name = Debug;
		};
		4496253415ACDDA4007FD7A3 /* Release */ = {
			isa = XCBuildConfiguration;
			buildSettings = {
				GCC_PRECOMPILE_PREFIX_HEADER = YES;
				GCC_PREFIX_HEADER = "DynaFocus/DynaFocus-Prefix.pch";
				INFOPLIST_FILE = "DynaFocus/DynaFocus-Info.plist";
				IPHONEOS_DEPLOYMENT_TARGET = 5.0;
				PRODUCT_NAME = "$(TARGET_NAME)";
				TARGETED_DEVICE_FAMILY = 1;
				WRAPPER_EXTENSION = app;
			};
			name = Release;
		};
/* End XCBuildConfiguration section */

/* Begin XCConfigurationList section */
		4496250015ACDDA4007FD7A3 /* Build configuration list for PBXProject "DynaFocus" */ = {
			isa = XCConfigurationList;
			buildConfigurations = (
				4496253015ACDDA4007FD7A3 /* Debug */,
				4496253115ACDDA4007FD7A3 /* Release */,
			);
			defaultConfigurationIsVisible = 0;
			defaultConfigurationName = Release;
		};
		4496253215ACDDA4007FD7A3 /* Build configuration list for PBXNativeTarget "DynaFocus" */ = {
			isa = XCConfigurationList;
			buildConfigurations = (
				4496253315ACDDA4007FD7A3 /* Debug */,
				4496253415ACDDA4007FD7A3 /* Release */,
			);
			defaultConfigurationIsVisible = 0;
			defaultConfigurationName = Release;
		};
/* End XCConfigurationList section */
	};
	rootObject = 449624FD15ACDDA4007FD7A3 /* Project object */;
}
