// !$*UTF8*$!
{
	archiveVersion = 1;
	classes = {
	};
	objectVersion = 46;
	objects = {

/* Begin PBXBuildFile section */
		441BFFB015B131D200E204D7 /* UIKit.framework in Frameworks */ = {isa = PBXBuildFile; fileRef = 441BFFAF15B131D200E204D7 /* UIKit.framework */; };
		441BFFB215B131D200E204D7 /* Foundation.framework in Frameworks */ = {isa = PBXBuildFile; fileRef = 441BFFB115B131D200E204D7 /* Foundation.framework */; };
		441BFFBA15B131D200E204D7 /* InfoPlist.strings in Resources */ = {isa = PBXBuildFile; fileRef = 441BFFB815B131D200E204D7 /* InfoPlist.strings */; };
		441BFFBC15B131D200E204D7 /* main.m in Sources */ = {isa = PBXBuildFile; fileRef = 441BFFBB15B131D200E204D7 /* main.m */; };
		441BFFC015B131D200E204D7 /* AppDelegate.m in Sources */ = {isa = PBXBuildFile; fileRef = 441BFFBF15B131D200E204D7 /* AppDelegate.m */; };
		441BFFCA15B1324700E204D7 /* CameraView.xib in Resources */ = {isa = PBXBuildFile; fileRef = 441BFFC815B1324700E204D7 /* CameraView.xib */; };
		441BFFCC15B1328300E204D7 /* AVFoundation.framework in Frameworks */ = {isa = PBXBuildFile; fileRef = 441BFFCB15B1328300E204D7 /* AVFoundation.framework */; };
		441BFFCE15B1329B00E204D7 /* CoreMedia.framework in Frameworks */ = {isa = PBXBuildFile; fileRef = 441BFFCD15B1329B00E204D7 /* CoreMedia.framework */; };
		441BFFD015B132A900E204D7 /* ImageIO.framework in Frameworks */ = {isa = PBXBuildFile; fileRef = 441BFFCF15B132A900E204D7 /* ImageIO.framework */; };
		441BFFD815B1339900E204D7 /* GalleryView.m in Sources */ = {isa = PBXBuildFile; fileRef = 441BFFD615B1339800E204D7 /* GalleryView.m */; };
		441BFFD915B1339900E204D7 /* GalleryView.xib in Resources */ = {isa = PBXBuildFile; fileRef = 441BFFD715B1339800E204D7 /* GalleryView.xib */; };
		444ACAFE15EC22E400A5D581 /* UIImage+fixOrientation.m in Sources */ = {isa = PBXBuildFile; fileRef = 444ACAFD15EC22E400A5D581 /* UIImage+fixOrientation.m */; };
		444ACB0A15EDB38D00A5D581 /* DyfocusUITabBarController.m in Sources */ = {isa = PBXBuildFile; fileRef = 444ACB0915EDB38C00A5D581 /* DyfocusUITabBarController.m */; };
		444ACB1F15EDF1FB00A5D581 /* DyfocusUINavigationController.m in Sources */ = {isa = PBXBuildFile; fileRef = 444ACB1E15EDF1FB00A5D581 /* DyfocusUINavigationController.m */; };
		44798EAE15E433B700D5BC53 /* WebViewController.m in Sources */ = {isa = PBXBuildFile; fileRef = 44798EAD15E433B700D5BC53 /* WebViewController.m */; };
		44798EB215E4355100D5BC53 /* LoadView.m in Sources */ = {isa = PBXBuildFile; fileRef = 44798EB115E4355100D5BC53 /* LoadView.m */; };
		44798EB515E4362000D5BC53 /* ActivityLabel.m in Sources */ = {isa = PBXBuildFile; fileRef = 44798EB415E4362000D5BC53 /* ActivityLabel.m */; };
		4495E69515EEB368009C2B9F /* SharingController.m in Sources */ = {isa = PBXBuildFile; fileRef = 4495E69315EEB368009C2B9F /* SharingController.m */; };
		4495E69615EEB368009C2B9F /* SharingController.xib in Resources */ = {isa = PBXBuildFile; fileRef = 4495E69415EEB368009C2B9F /* SharingController.xib */; };
		4495E69A15EEBCC7009C2B9F /* libsqlite3.0.dylib in Frameworks */ = {isa = PBXBuildFile; fileRef = 4495E69915EEBCC7009C2B9F /* libsqlite3.0.dylib */; };
		4495E69C15EEDFCF009C2B9F /* FacebookSDKResources.bundle in Resources */ = {isa = PBXBuildFile; fileRef = 4495E69B15EEDFCF009C2B9F /* FacebookSDKResources.bundle */; };
		4496A0DD15FBDF56003C8439 /* libTestFlight.a in Frameworks */ = {isa = PBXBuildFile; fileRef = 4496A0D915FBDF56003C8439 /* libTestFlight.a */; };
		4496A0DE15FBDF56003C8439 /* README.txt in Resources */ = {isa = PBXBuildFile; fileRef = 4496A0DA15FBDF56003C8439 /* README.txt */; };
		4496A0DF15FBDF56003C8439 /* release_notes.txt in Resources */ = {isa = PBXBuildFile; fileRef = 4496A0DB15FBDF56003C8439 /* release_notes.txt */; };
		44BEFED715B14404004358C9 /* FOFPreview.m in Sources */ = {isa = PBXBuildFile; fileRef = 44BEFED515B14404004358C9 /* FOFPreview.m */; };
		44BEFED815B14404004358C9 /* FOFPreview.xib in Resources */ = {isa = PBXBuildFile; fileRef = 44BEFED615B14404004358C9 /* FOFPreview.xib */; };
		44C8DA4215B1FF80000D2947 /* PathView.m in Sources */ = {isa = PBXBuildFile; fileRef = 44C8DA4115B1FF80000D2947 /* PathView.m */; };
		AC07F47915B4E8120003C56C /* dynafocus_icon_beta1_orange_nofill_72x72.png in Resources */ = {isa = PBXBuildFile; fileRef = AC07F47815B4E8120003C56C /* dynafocus_icon_beta1_orange_nofill_72x72.png */; };
		AC07F47C15B4E8A10003C56C /* dynafocus_icon_beta1_orange_nofill_144x144.png in Resources */ = {isa = PBXBuildFile; fileRef = AC07F47B15B4E8A10003C56C /* dynafocus_icon_beta1_orange_nofill_144x144.png */; };
		AC606B5415DBED1C008FDF8F /* dyfocus_icon_square_57x57.png in Resources */ = {isa = PBXBuildFile; fileRef = AC606B5315DBED1C008FDF8F /* dyfocus_icon_square_57x57.png */; };
		AC606B5715DBED28008FDF8F /* dyfocus_icon_square_114x114.png in Resources */ = {isa = PBXBuildFile; fileRef = AC606B5615DBED28008FDF8F /* dyfocus_icon_square_114x114.png */; };
		AC606B6015DBF24B008FDF8F /* df_friends_bw.png in Resources */ = {isa = PBXBuildFile; fileRef = AC606B5815DBF24B008FDF8F /* df_friends_bw.png */; };
		AC606B6115DBF24B008FDF8F /* df_featured_bw.png in Resources */ = {isa = PBXBuildFile; fileRef = AC606B5915DBF24B008FDF8F /* df_featured_bw.png */; };
		AC606B6215DBF24B008FDF8F /* df_feed_bw.png in Resources */ = {isa = PBXBuildFile; fileRef = AC606B5A15DBF24B008FDF8F /* df_feed_bw.png */; };
		AC606B6315DBF24B008FDF8F /* df_profile_bw.png in Resources */ = {isa = PBXBuildFile; fileRef = AC606B5B15DBF24B008FDF8F /* df_profile_bw.png */; };
		AC606B6415DBF24B008FDF8F /* df_profile_bw@2x.png in Resources */ = {isa = PBXBuildFile; fileRef = AC606B5C15DBF24B008FDF8F /* df_profile_bw@2x.png */; };
		AC606B6515DBF24B008FDF8F /* df_feed_bw@2x.png in Resources */ = {isa = PBXBuildFile; fileRef = AC606B5D15DBF24B008FDF8F /* df_feed_bw@2x.png */; };
		AC606B6615DBF24B008FDF8F /* df_featured_bw@2x.png in Resources */ = {isa = PBXBuildFile; fileRef = AC606B5E15DBF24B008FDF8F /* df_featured_bw@2x.png */; };
		AC606B6715DBF24B008FDF8F /* df_friends_bw@2x.png in Resources */ = {isa = PBXBuildFile; fileRef = AC606B5F15DBF24B008FDF8F /* df_friends_bw@2x.png */; };
		AC606B6915DC4912008FDF8F /* CameraView.m in Sources */ = {isa = PBXBuildFile; fileRef = AC606B6815DC4912008FDF8F /* CameraView.m */; };
		AC606B6B15DC492F008FDF8F /* QuartzCore.framework in Frameworks */ = {isa = PBXBuildFile; fileRef = AC606B6A15DC492F008FDF8F /* QuartzCore.framework */; };
		AC8C263315DAA9D30093FFD2 /* df_featured_bw.png in Resources */ = {isa = PBXBuildFile; fileRef = AC8C262915DAA9D30093FFD2 /* df_featured_bw.png */; };
		AC8C263415DAA9D30093FFD2 /* df_shoot_bw.png in Resources */ = {isa = PBXBuildFile; fileRef = AC8C262A15DAA9D30093FFD2 /* df_shoot_bw.png */; };
		AC8C263515DAA9D30093FFD2 /* df_shoot_bw@2x.png in Resources */ = {isa = PBXBuildFile; fileRef = AC8C262B15DAA9D30093FFD2 /* df_shoot_bw@2x.png */; };
		AC8D7B4815DB341700058949 /* ASIAuthenticationDialog.h in Sources */ = {isa = PBXBuildFile; fileRef = AC8D7B3015DB311D00058949 /* ASIAuthenticationDialog.h */; };
		AC8D7B4915DB341700058949 /* ASIAuthenticationDialog.m in Sources */ = {isa = PBXBuildFile; fileRef = AC8D7B3115DB311D00058949 /* ASIAuthenticationDialog.m */; };
		AC8D7B4A15DB341700058949 /* ASICacheDelegate.h in Sources */ = {isa = PBXBuildFile; fileRef = AC8D7B3215DB311D00058949 /* ASICacheDelegate.h */; };
		AC8D7B4B15DB341700058949 /* ASIDownloadCache.h in Sources */ = {isa = PBXBuildFile; fileRef = AC8D7B3315DB311D00058949 /* ASIDownloadCache.h */; };
		AC8D7B4C15DB341700058949 /* ASIDownloadCache.m in Sources */ = {isa = PBXBuildFile; fileRef = AC8D7B3415DB311D00058949 /* ASIDownloadCache.m */; };
		AC8D7B4D15DB341700058949 /* ASIFormDataRequest.h in Sources */ = {isa = PBXBuildFile; fileRef = AC8D7B3515DB311D00058949 /* ASIFormDataRequest.h */; };
		AC8D7B4E15DB341700058949 /* ASIFormDataRequest.m in Sources */ = {isa = PBXBuildFile; fileRef = AC8D7B3615DB311D00058949 /* ASIFormDataRequest.m */; };
		AC8D7B4F15DB341700058949 /* ASIHTTPRequest.h in Sources */ = {isa = PBXBuildFile; fileRef = AC8D7B3715DB311D00058949 /* ASIHTTPRequest.h */; };
		AC8D7B5015DB341700058949 /* ASIHTTPRequest.m in Sources */ = {isa = PBXBuildFile; fileRef = AC8D7B3815DB311D00058949 /* ASIHTTPRequest.m */; };
		AC8D7B5115DB341700058949 /* ASIHTTPRequestConfig.h in Sources */ = {isa = PBXBuildFile; fileRef = AC8D7B3915DB311D00058949 /* ASIHTTPRequestConfig.h */; };
		AC8D7B5215DB341700058949 /* ASIHTTPRequestDelegate.h in Sources */ = {isa = PBXBuildFile; fileRef = AC8D7B3A15DB311D00058949 /* ASIHTTPRequestDelegate.h */; };
		AC8D7B5315DB341700058949 /* ASIInputStream.h in Sources */ = {isa = PBXBuildFile; fileRef = AC8D7B3B15DB311D00058949 /* ASIInputStream.h */; };
		AC8D7B5415DB341700058949 /* ASIInputStream.m in Sources */ = {isa = PBXBuildFile; fileRef = AC8D7B3C15DB311D00058949 /* ASIInputStream.m */; };
		AC8D7B5515DB341700058949 /* ASINetworkQueue.h in Sources */ = {isa = PBXBuildFile; fileRef = AC8D7B3D15DB311D00058949 /* ASINetworkQueue.h */; };
		AC8D7B5615DB341700058949 /* ASINetworkQueue.m in Sources */ = {isa = PBXBuildFile; fileRef = AC8D7B3E15DB311D00058949 /* ASINetworkQueue.m */; };
		AC8D7B5715DB341700058949 /* ASIProgressDelegate.h in Sources */ = {isa = PBXBuildFile; fileRef = AC8D7B3F15DB311D00058949 /* ASIProgressDelegate.h */; };
		AC8D7B5815DB341700058949 /* Reachability.h in Sources */ = {isa = PBXBuildFile; fileRef = AC8D7B4015DB311D00058949 /* Reachability.h */; };
		AC8D7B5915DB341700058949 /* Reachability.m in Sources */ = {isa = PBXBuildFile; fileRef = AC8D7B4115DB311D00058949 /* Reachability.m */; };
		AC8D7B5C15DB345900058949 /* ASIDataDecompressor.h in Sources */ = {isa = PBXBuildFile; fileRef = AC8D7B5A15DB344D00058949 /* ASIDataDecompressor.h */; };
		AC8D7B5D15DB345900058949 /* ASIDataDecompressor.m in Sources */ = {isa = PBXBuildFile; fileRef = AC8D7B5B15DB344D00058949 /* ASIDataDecompressor.m */; };
		AC8D7B6015DB348600058949 /* ASIDataCompressor.h in Sources */ = {isa = PBXBuildFile; fileRef = AC8D7B5E15DB347700058949 /* ASIDataCompressor.h */; };
		AC8D7B6115DB348600058949 /* ASIDataCompressor.m in Sources */ = {isa = PBXBuildFile; fileRef = AC8D7B5F15DB347700058949 /* ASIDataCompressor.m */; };
		AC8D7B6315DB3F6300058949 /* CFNetwork.framework in Frameworks */ = {isa = PBXBuildFile; fileRef = AC8D7B6215DB3F6300058949 /* CFNetwork.framework */; };
		AC8D7B6415DB3F7100058949 /* CoreGraphics.framework in Frameworks */ = {isa = PBXBuildFile; fileRef = 441BFFB315B131D200E204D7 /* CoreGraphics.framework */; };
		AC8D7B6615DB403700058949 /* SystemConfiguration.framework in Frameworks */ = {isa = PBXBuildFile; fileRef = AC8D7B6515DB403700058949 /* SystemConfiguration.framework */; };
		AC8D7B6815DB406200058949 /* MobileCoreServices.framework in Frameworks */ = {isa = PBXBuildFile; fileRef = AC8D7B6715DB406200058949 /* MobileCoreServices.framework */; };
		AC8D7B6A15DB408600058949 /* libz.1.2.5.dylib in Frameworks */ = {isa = PBXBuildFile; fileRef = AC8D7B6915DB408600058949 /* libz.1.2.5.dylib */; };
		AC8D7B6C15DB660600058949 /* dynafocus_icon_beta1_orange_nofill_57x57.png in Resources */ = {isa = PBXBuildFile; fileRef = AC8D7B6B15DB660600058949 /* dynafocus_icon_beta1_orange_nofill_57x57.png */; };
		AC8D7B6E15DB660C00058949 /* dynafocus_icon_beta1_orange_nofill_114x114.png in Resources */ = {isa = PBXBuildFile; fileRef = AC8D7B6D15DB660C00058949 /* dynafocus_icon_beta1_orange_nofill_114x114.png */; };
		ACA63D2E15EFE30D00314025 /* FacebookSDK.framework in Frameworks */ = {isa = PBXBuildFile; fileRef = ACA63D2D15EFE30D00314025 /* FacebookSDK.framework */; };
		ACA63D3615EFE68900314025 /* FriendsController.m in Sources */ = {isa = PBXBuildFile; fileRef = ACA63D3415EFE68900314025 /* FriendsController.m */; };
		ACA63D3715EFE68900314025 /* FriendsController.xib in Resources */ = {isa = PBXBuildFile; fileRef = ACA63D3515EFE68900314025 /* FriendsController.xib */; };
		ACA63D3B15EFED4B00314025 /* ProfileController.m in Sources */ = {isa = PBXBuildFile; fileRef = ACA63D3915EFED4A00314025 /* ProfileController.m */; };
		ACA63D3C15EFED4B00314025 /* ProfileController.xib in Resources */ = {isa = PBXBuildFile; fileRef = ACA63D3A15EFED4B00314025 /* ProfileController.xib */; };
/* End PBXBuildFile section */

/* Begin PBXFileReference section */
		441BFFAB15B131D200E204D7 /* dyfocus.app */ = {isa = PBXFileReference; explicitFileType = wrapper.application; includeInIndex = 0; path = dyfocus.app; sourceTree = BUILT_PRODUCTS_DIR; };
		441BFFAF15B131D200E204D7 /* UIKit.framework */ = {isa = PBXFileReference; lastKnownFileType = wrapper.framework; name = UIKit.framework; path = System/Library/Frameworks/UIKit.framework; sourceTree = SDKROOT; };
		441BFFB115B131D200E204D7 /* Foundation.framework */ = {isa = PBXFileReference; lastKnownFileType = wrapper.framework; name = Foundation.framework; path = System/Library/Frameworks/Foundation.framework; sourceTree = SDKROOT; };
		441BFFB315B131D200E204D7 /* CoreGraphics.framework */ = {isa = PBXFileReference; lastKnownFileType = wrapper.framework; name = CoreGraphics.framework; path = System/Library/Frameworks/CoreGraphics.framework; sourceTree = SDKROOT; };
		441BFFB715B131D200E204D7 /* DyFocus-Info.plist */ = {isa = PBXFileReference; lastKnownFileType = text.plist.xml; path = "DyFocus-Info.plist"; sourceTree = "<group>"; };
		441BFFB915B131D200E204D7 /* en */ = {isa = PBXFileReference; lastKnownFileType = text.plist.strings; name = en; path = en.lproj/InfoPlist.strings; sourceTree = "<group>"; };
		441BFFBB15B131D200E204D7 /* main.m */ = {isa = PBXFileReference; lastKnownFileType = sourcecode.c.objc; path = main.m; sourceTree = "<group>"; };
		441BFFBD15B131D200E204D7 /* DyFocus-Prefix.pch */ = {isa = PBXFileReference; lastKnownFileType = sourcecode.c.h; path = "DyFocus-Prefix.pch"; sourceTree = "<group>"; };
		441BFFBE15B131D200E204D7 /* AppDelegate.h */ = {isa = PBXFileReference; lastKnownFileType = sourcecode.c.h; path = AppDelegate.h; sourceTree = "<group>"; };
		441BFFBF15B131D200E204D7 /* AppDelegate.m */ = {isa = PBXFileReference; lastKnownFileType = sourcecode.c.objc; path = AppDelegate.m; sourceTree = "<group>"; };
		441BFFC615B1324700E204D7 /* CameraView.h */ = {isa = PBXFileReference; fileEncoding = 4; lastKnownFileType = sourcecode.c.h; path = CameraView.h; sourceTree = "<group>"; };
		441BFFC815B1324700E204D7 /* CameraView.xib */ = {isa = PBXFileReference; fileEncoding = 4; lastKnownFileType = file.xib; path = CameraView.xib; sourceTree = "<group>"; };
		441BFFCB15B1328300E204D7 /* AVFoundation.framework */ = {isa = PBXFileReference; lastKnownFileType = wrapper.framework; name = AVFoundation.framework; path = System/Library/Frameworks/AVFoundation.framework; sourceTree = SDKROOT; };
		441BFFCD15B1329B00E204D7 /* CoreMedia.framework */ = {isa = PBXFileReference; lastKnownFileType = wrapper.framework; name = CoreMedia.framework; path = System/Library/Frameworks/CoreMedia.framework; sourceTree = SDKROOT; };
		441BFFCF15B132A900E204D7 /* ImageIO.framework */ = {isa = PBXFileReference; lastKnownFileType = wrapper.framework; name = ImageIO.framework; path = System/Library/Frameworks/ImageIO.framework; sourceTree = SDKROOT; };
		441BFFD515B1339800E204D7 /* GalleryView.h */ = {isa = PBXFileReference; fileEncoding = 4; lastKnownFileType = sourcecode.c.h; path = GalleryView.h; sourceTree = "<group>"; };
		441BFFD615B1339800E204D7 /* GalleryView.m */ = {isa = PBXFileReference; fileEncoding = 4; lastKnownFileType = sourcecode.c.objc; path = GalleryView.m; sourceTree = "<group>"; };
		441BFFD715B1339800E204D7 /* GalleryView.xib */ = {isa = PBXFileReference; fileEncoding = 4; lastKnownFileType = file.xib; path = GalleryView.xib; sourceTree = "<group>"; };
		444ACAFC15EC22E400A5D581 /* UIImage+fixOrientation.h */ = {isa = PBXFileReference; fileEncoding = 4; lastKnownFileType = sourcecode.c.h; path = "UIImage+fixOrientation.h"; sourceTree = "<group>"; };
		444ACAFD15EC22E400A5D581 /* UIImage+fixOrientation.m */ = {isa = PBXFileReference; fileEncoding = 4; lastKnownFileType = sourcecode.c.objc; path = "UIImage+fixOrientation.m"; sourceTree = "<group>"; };
		444ACB0815EDB38C00A5D581 /* DyfocusUITabBarController.h */ = {isa = PBXFileReference; fileEncoding = 4; lastKnownFileType = sourcecode.c.h; path = DyfocusUITabBarController.h; sourceTree = "<group>"; };
		444ACB0915EDB38C00A5D581 /* DyfocusUITabBarController.m */ = {isa = PBXFileReference; fileEncoding = 4; lastKnownFileType = sourcecode.c.objc; path = DyfocusUITabBarController.m; sourceTree = "<group>"; };
		444ACB1D15EDF1FB00A5D581 /* DyfocusUINavigationController.h */ = {isa = PBXFileReference; fileEncoding = 4; lastKnownFileType = sourcecode.c.h; path = DyfocusUINavigationController.h; sourceTree = "<group>"; };
		444ACB1E15EDF1FB00A5D581 /* DyfocusUINavigationController.m */ = {isa = PBXFileReference; fileEncoding = 4; lastKnownFileType = sourcecode.c.objc; path = DyfocusUINavigationController.m; sourceTree = "<group>"; };
		44798EAC15E433B700D5BC53 /* WebViewController.h */ = {isa = PBXFileReference; fileEncoding = 4; lastKnownFileType = sourcecode.c.h; path = WebViewController.h; sourceTree = "<group>"; };
		44798EAD15E433B700D5BC53 /* WebViewController.m */ = {isa = PBXFileReference; fileEncoding = 4; lastKnownFileType = sourcecode.c.objc; path = WebViewController.m; sourceTree = "<group>"; };
		44798EB015E4355100D5BC53 /* LoadView.h */ = {isa = PBXFileReference; fileEncoding = 4; lastKnownFileType = sourcecode.c.h; path = LoadView.h; sourceTree = "<group>"; };
		44798EB115E4355100D5BC53 /* LoadView.m */ = {isa = PBXFileReference; fileEncoding = 4; lastKnownFileType = sourcecode.c.objc; path = LoadView.m; sourceTree = "<group>"; };
		44798EB315E4361100D5BC53 /* ActivityLabel.h */ = {isa = PBXFileReference; lastKnownFileType = sourcecode.c.h; path = ActivityLabel.h; sourceTree = "<group>"; };
		44798EB415E4362000D5BC53 /* ActivityLabel.m */ = {isa = PBXFileReference; fileEncoding = 4; lastKnownFileType = sourcecode.c.objc; path = ActivityLabel.m; sourceTree = "<group>"; };
		4495E69215EEB368009C2B9F /* SharingController.h */ = {isa = PBXFileReference; fileEncoding = 4; lastKnownFileType = sourcecode.c.h; path = SharingController.h; sourceTree = "<group>"; };
		4495E69315EEB368009C2B9F /* SharingController.m */ = {isa = PBXFileReference; fileEncoding = 4; lastKnownFileType = sourcecode.c.objc; path = SharingController.m; sourceTree = "<group>"; };
		4495E69415EEB368009C2B9F /* SharingController.xib */ = {isa = PBXFileReference; fileEncoding = 4; lastKnownFileType = file.xib; path = SharingController.xib; sourceTree = "<group>"; };
		4495E69715EEBC9F009C2B9F /* Accounts.framework */ = {isa = PBXFileReference; lastKnownFileType = wrapper.framework; name = Accounts.framework; path = System/Library/Frameworks/Accounts.framework; sourceTree = SDKROOT; };
		4495E69915EEBCC7009C2B9F /* libsqlite3.0.dylib */ = {isa = PBXFileReference; lastKnownFileType = "compiled.mach-o.dylib"; name = libsqlite3.0.dylib; path = usr/lib/libsqlite3.0.dylib; sourceTree = SDKROOT; };
		4495E69B15EEDFCF009C2B9F /* FacebookSDKResources.bundle */ = {isa = PBXFileReference; lastKnownFileType = "wrapper.plug-in"; path = FacebookSDKResources.bundle; sourceTree = "<group>"; };
		4496A0D915FBDF56003C8439 /* libTestFlight.a */ = {isa = PBXFileReference; lastKnownFileType = archive.ar; path = libTestFlight.a; sourceTree = "<group>"; };
		4496A0DA15FBDF56003C8439 /* README.txt */ = {isa = PBXFileReference; fileEncoding = 4; lastKnownFileType = text; path = README.txt; sourceTree = "<group>"; };
		4496A0DB15FBDF56003C8439 /* release_notes.txt */ = {isa = PBXFileReference; fileEncoding = 4; lastKnownFileType = text; path = release_notes.txt; sourceTree = "<group>"; };
		4496A0DC15FBDF56003C8439 /* TestFlight.h */ = {isa = PBXFileReference; fileEncoding = 4; lastKnownFileType = sourcecode.c.h; path = TestFlight.h; sourceTree = "<group>"; };
		44BEFED415B14404004358C9 /* FOFPreview.h */ = {isa = PBXFileReference; fileEncoding = 4; lastKnownFileType = sourcecode.c.h; path = FOFPreview.h; sourceTree = "<group>"; };
		44BEFED515B14404004358C9 /* FOFPreview.m */ = {isa = PBXFileReference; fileEncoding = 4; lastKnownFileType = sourcecode.c.objc; path = FOFPreview.m; sourceTree = "<group>"; };
		44BEFED615B14404004358C9 /* FOFPreview.xib */ = {isa = PBXFileReference; fileEncoding = 4; lastKnownFileType = file.xib; path = FOFPreview.xib; sourceTree = "<group>"; };
		44C8DA4015B1FF80000D2947 /* PathView.h */ = {isa = PBXFileReference; fileEncoding = 4; lastKnownFileType = sourcecode.c.h; path = PathView.h; sourceTree = "<group>"; };
		44C8DA4115B1FF80000D2947 /* PathView.m */ = {isa = PBXFileReference; fileEncoding = 4; lastKnownFileType = sourcecode.c.objc; path = PathView.m; sourceTree = "<group>"; };
		AC07F47815B4E8120003C56C /* dynafocus_icon_beta1_orange_nofill_72x72.png */ = {isa = PBXFileReference; lastKnownFileType = image.png; path = dynafocus_icon_beta1_orange_nofill_72x72.png; sourceTree = "<group>"; };
		AC07F47B15B4E8A10003C56C /* dynafocus_icon_beta1_orange_nofill_144x144.png */ = {isa = PBXFileReference; lastKnownFileType = image.png; path = dynafocus_icon_beta1_orange_nofill_144x144.png; sourceTree = "<group>"; };
		AC606B5315DBED1C008FDF8F /* dyfocus_icon_square_57x57.png */ = {isa = PBXFileReference; lastKnownFileType = image.png; path = dyfocus_icon_square_57x57.png; sourceTree = "<group>"; };
		AC606B5615DBED28008FDF8F /* dyfocus_icon_square_114x114.png */ = {isa = PBXFileReference; lastKnownFileType = image.png; path = dyfocus_icon_square_114x114.png; sourceTree = "<group>"; };
		AC606B5815DBF24B008FDF8F /* df_friends_bw.png */ = {isa = PBXFileReference; lastKnownFileType = image.png; path = df_friends_bw.png; sourceTree = "<group>"; };
		AC606B5915DBF24B008FDF8F /* df_featured_bw.png */ = {isa = PBXFileReference; lastKnownFileType = image.png; path = df_featured_bw.png; sourceTree = "<group>"; };
		AC606B5A15DBF24B008FDF8F /* df_feed_bw.png */ = {isa = PBXFileReference; lastKnownFileType = image.png; path = df_feed_bw.png; sourceTree = "<group>"; };
		AC606B5B15DBF24B008FDF8F /* df_profile_bw.png */ = {isa = PBXFileReference; lastKnownFileType = image.png; path = df_profile_bw.png; sourceTree = "<group>"; };
		AC606B5C15DBF24B008FDF8F /* df_profile_bw@2x.png */ = {isa = PBXFileReference; lastKnownFileType = image.png; path = "df_profile_bw@2x.png"; sourceTree = "<group>"; };
		AC606B5D15DBF24B008FDF8F /* df_feed_bw@2x.png */ = {isa = PBXFileReference; lastKnownFileType = image.png; path = "df_feed_bw@2x.png"; sourceTree = "<group>"; };
		AC606B5E15DBF24B008FDF8F /* df_featured_bw@2x.png */ = {isa = PBXFileReference; lastKnownFileType = image.png; path = "df_featured_bw@2x.png"; sourceTree = "<group>"; };
		AC606B5F15DBF24B008FDF8F /* df_friends_bw@2x.png */ = {isa = PBXFileReference; lastKnownFileType = image.png; path = "df_friends_bw@2x.png"; sourceTree = "<group>"; };
		AC606B6815DC4912008FDF8F /* CameraView.m */ = {isa = PBXFileReference; fileEncoding = 4; lastKnownFileType = sourcecode.c.objc; path = CameraView.m; sourceTree = "<group>"; };
		AC606B6A15DC492F008FDF8F /* QuartzCore.framework */ = {isa = PBXFileReference; lastKnownFileType = wrapper.framework; name = QuartzCore.framework; path = System/Library/Frameworks/QuartzCore.framework; sourceTree = SDKROOT; };
		AC8C262915DAA9D30093FFD2 /* df_featured_bw.png */ = {isa = PBXFileReference; lastKnownFileType = image.png; path = df_featured_bw.png; sourceTree = "<group>"; };
		AC8C262A15DAA9D30093FFD2 /* df_shoot_bw.png */ = {isa = PBXFileReference; lastKnownFileType = image.png; path = df_shoot_bw.png; sourceTree = "<group>"; };
		AC8C262B15DAA9D30093FFD2 /* df_shoot_bw@2x.png */ = {isa = PBXFileReference; lastKnownFileType = image.png; path = "df_shoot_bw@2x.png"; sourceTree = "<group>"; };
		AC8D7B3015DB311D00058949 /* ASIAuthenticationDialog.h */ = {isa = PBXFileReference; lastKnownFileType = sourcecode.c.h; name = ASIAuthenticationDialog.h; path = useful.classes/ASIAuthenticationDialog.h; sourceTree = "<group>"; };
		AC8D7B3115DB311D00058949 /* ASIAuthenticationDialog.m */ = {isa = PBXFileReference; lastKnownFileType = sourcecode.c.objc; name = ASIAuthenticationDialog.m; path = useful.classes/ASIAuthenticationDialog.m; sourceTree = "<group>"; };
		AC8D7B3215DB311D00058949 /* ASICacheDelegate.h */ = {isa = PBXFileReference; lastKnownFileType = sourcecode.c.h; name = ASICacheDelegate.h; path = useful.classes/ASICacheDelegate.h; sourceTree = "<group>"; };
		AC8D7B3315DB311D00058949 /* ASIDownloadCache.h */ = {isa = PBXFileReference; lastKnownFileType = sourcecode.c.h; name = ASIDownloadCache.h; path = useful.classes/ASIDownloadCache.h; sourceTree = "<group>"; };
		AC8D7B3415DB311D00058949 /* ASIDownloadCache.m */ = {isa = PBXFileReference; lastKnownFileType = sourcecode.c.objc; name = ASIDownloadCache.m; path = useful.classes/ASIDownloadCache.m; sourceTree = "<group>"; };
		AC8D7B3515DB311D00058949 /* ASIFormDataRequest.h */ = {isa = PBXFileReference; lastKnownFileType = sourcecode.c.h; name = ASIFormDataRequest.h; path = useful.classes/ASIFormDataRequest.h; sourceTree = "<group>"; };
		AC8D7B3615DB311D00058949 /* ASIFormDataRequest.m */ = {isa = PBXFileReference; lastKnownFileType = sourcecode.c.objc; name = ASIFormDataRequest.m; path = useful.classes/ASIFormDataRequest.m; sourceTree = "<group>"; };
		AC8D7B3715DB311D00058949 /* ASIHTTPRequest.h */ = {isa = PBXFileReference; lastKnownFileType = sourcecode.c.h; name = ASIHTTPRequest.h; path = useful.classes/ASIHTTPRequest.h; sourceTree = "<group>"; };
		AC8D7B3815DB311D00058949 /* ASIHTTPRequest.m */ = {isa = PBXFileReference; lastKnownFileType = sourcecode.c.objc; name = ASIHTTPRequest.m; path = useful.classes/ASIHTTPRequest.m; sourceTree = "<group>"; };
		AC8D7B3915DB311D00058949 /* ASIHTTPRequestConfig.h */ = {isa = PBXFileReference; lastKnownFileType = sourcecode.c.h; name = ASIHTTPRequestConfig.h; path = useful.classes/ASIHTTPRequestConfig.h; sourceTree = "<group>"; };
		AC8D7B3A15DB311D00058949 /* ASIHTTPRequestDelegate.h */ = {isa = PBXFileReference; lastKnownFileType = sourcecode.c.h; name = ASIHTTPRequestDelegate.h; path = useful.classes/ASIHTTPRequestDelegate.h; sourceTree = "<group>"; };
		AC8D7B3B15DB311D00058949 /* ASIInputStream.h */ = {isa = PBXFileReference; lastKnownFileType = sourcecode.c.h; name = ASIInputStream.h; path = useful.classes/ASIInputStream.h; sourceTree = "<group>"; };
		AC8D7B3C15DB311D00058949 /* ASIInputStream.m */ = {isa = PBXFileReference; lastKnownFileType = sourcecode.c.objc; name = ASIInputStream.m; path = useful.classes/ASIInputStream.m; sourceTree = "<group>"; };
		AC8D7B3D15DB311D00058949 /* ASINetworkQueue.h */ = {isa = PBXFileReference; lastKnownFileType = sourcecode.c.h; name = ASINetworkQueue.h; path = useful.classes/ASINetworkQueue.h; sourceTree = "<group>"; };
		AC8D7B3E15DB311D00058949 /* ASINetworkQueue.m */ = {isa = PBXFileReference; lastKnownFileType = sourcecode.c.objc; name = ASINetworkQueue.m; path = useful.classes/ASINetworkQueue.m; sourceTree = "<group>"; };
		AC8D7B3F15DB311D00058949 /* ASIProgressDelegate.h */ = {isa = PBXFileReference; lastKnownFileType = sourcecode.c.h; name = ASIProgressDelegate.h; path = useful.classes/ASIProgressDelegate.h; sourceTree = "<group>"; };
		AC8D7B4015DB311D00058949 /* Reachability.h */ = {isa = PBXFileReference; lastKnownFileType = sourcecode.c.h; name = Reachability.h; path = useful.classes/Reachability.h; sourceTree = "<group>"; };
		AC8D7B4115DB311D00058949 /* Reachability.m */ = {isa = PBXFileReference; lastKnownFileType = sourcecode.c.objc; name = Reachability.m; path = useful.classes/Reachability.m; sourceTree = "<group>"; };
		AC8D7B5A15DB344D00058949 /* ASIDataDecompressor.h */ = {isa = PBXFileReference; lastKnownFileType = sourcecode.c.h; path = ASIDataDecompressor.h; sourceTree = "<group>"; };
		AC8D7B5B15DB344D00058949 /* ASIDataDecompressor.m */ = {isa = PBXFileReference; lastKnownFileType = sourcecode.c.objc; path = ASIDataDecompressor.m; sourceTree = "<group>"; };
		AC8D7B5E15DB347700058949 /* ASIDataCompressor.h */ = {isa = PBXFileReference; lastKnownFileType = sourcecode.c.h; path = ASIDataCompressor.h; sourceTree = "<group>"; };
		AC8D7B5F15DB347700058949 /* ASIDataCompressor.m */ = {isa = PBXFileReference; lastKnownFileType = sourcecode.c.objc; path = ASIDataCompressor.m; sourceTree = "<group>"; };
		AC8D7B6215DB3F6300058949 /* CFNetwork.framework */ = {isa = PBXFileReference; lastKnownFileType = wrapper.framework; name = CFNetwork.framework; path = System/Library/Frameworks/CFNetwork.framework; sourceTree = SDKROOT; };
		AC8D7B6515DB403700058949 /* SystemConfiguration.framework */ = {isa = PBXFileReference; lastKnownFileType = wrapper.framework; name = SystemConfiguration.framework; path = System/Library/Frameworks/SystemConfiguration.framework; sourceTree = SDKROOT; };
		AC8D7B6715DB406200058949 /* MobileCoreServices.framework */ = {isa = PBXFileReference; lastKnownFileType = wrapper.framework; name = MobileCoreServices.framework; path = System/Library/Frameworks/MobileCoreServices.framework; sourceTree = SDKROOT; };
		AC8D7B6915DB408600058949 /* libz.1.2.5.dylib */ = {isa = PBXFileReference; lastKnownFileType = "compiled.mach-o.dylib"; name = libz.1.2.5.dylib; path = usr/lib/libz.1.2.5.dylib; sourceTree = SDKROOT; };
		AC8D7B6B15DB660600058949 /* dynafocus_icon_beta1_orange_nofill_57x57.png */ = {isa = PBXFileReference; lastKnownFileType = image.png; path = dynafocus_icon_beta1_orange_nofill_57x57.png; sourceTree = "<group>"; };
		AC8D7B6D15DB660C00058949 /* dynafocus_icon_beta1_orange_nofill_114x114.png */ = {isa = PBXFileReference; lastKnownFileType = image.png; path = dynafocus_icon_beta1_orange_nofill_114x114.png; sourceTree = "<group>"; };
		ACA63D2D15EFE30D00314025 /* FacebookSDK.framework */ = {isa = PBXFileReference; lastKnownFileType = wrapper.framework; path = FacebookSDK.framework; sourceTree = "<group>"; };
		ACA63D3315EFE68900314025 /* FriendsController.h */ = {isa = PBXFileReference; fileEncoding = 4; lastKnownFileType = sourcecode.c.h; path = FriendsController.h; sourceTree = "<group>"; };
		ACA63D3415EFE68900314025 /* FriendsController.m */ = {isa = PBXFileReference; fileEncoding = 4; lastKnownFileType = sourcecode.c.objc; path = FriendsController.m; sourceTree = "<group>"; };
		ACA63D3515EFE68900314025 /* FriendsController.xib */ = {isa = PBXFileReference; fileEncoding = 4; lastKnownFileType = file.xib; path = FriendsController.xib; sourceTree = "<group>"; };
		ACA63D3815EFED4A00314025 /* ProfileController.h */ = {isa = PBXFileReference; fileEncoding = 4; lastKnownFileType = sourcecode.c.h; path = ProfileController.h; sourceTree = "<group>"; };
		ACA63D3915EFED4A00314025 /* ProfileController.m */ = {isa = PBXFileReference; fileEncoding = 4; lastKnownFileType = sourcecode.c.objc; path = ProfileController.m; sourceTree = "<group>"; };
		ACA63D3A15EFED4B00314025 /* ProfileController.xib */ = {isa = PBXFileReference; fileEncoding = 4; lastKnownFileType = file.xib; path = ProfileController.xib; sourceTree = "<group>"; };
/* End PBXFileReference section */

/* Begin PBXFrameworksBuildPhase section */
		441BFFA815B131D200E204D7 /* Frameworks */ = {
			isa = PBXFrameworksBuildPhase;
			buildActionMask = 2147483647;
			files = (
				4495E69A15EEBCC7009C2B9F /* libsqlite3.0.dylib in Frameworks */,
				AC606B6B15DC492F008FDF8F /* QuartzCore.framework in Frameworks */,
				AC8D7B6A15DB408600058949 /* libz.1.2.5.dylib in Frameworks */,
				AC8D7B6815DB406200058949 /* MobileCoreServices.framework in Frameworks */,
				AC8D7B6615DB403700058949 /* SystemConfiguration.framework in Frameworks */,
				AC8D7B6415DB3F7100058949 /* CoreGraphics.framework in Frameworks */,
				AC8D7B6315DB3F6300058949 /* CFNetwork.framework in Frameworks */,
				441BFFD015B132A900E204D7 /* ImageIO.framework in Frameworks */,
				441BFFCE15B1329B00E204D7 /* CoreMedia.framework in Frameworks */,
				441BFFCC15B1328300E204D7 /* AVFoundation.framework in Frameworks */,
				441BFFB015B131D200E204D7 /* UIKit.framework in Frameworks */,
				441BFFB215B131D200E204D7 /* Foundation.framework in Frameworks */,
				ACA63D2E15EFE30D00314025 /* FacebookSDK.framework in Frameworks */,
				4496A0DD15FBDF56003C8439 /* libTestFlight.a in Frameworks */,
			);
			runOnlyForDeploymentPostprocessing = 0;
		};
/* End PBXFrameworksBuildPhase section */

/* Begin PBXGroup section */
		441BFFA015B131D200E204D7 = {
			isa = PBXGroup;
			children = (
				4495E69915EEBCC7009C2B9F /* libsqlite3.0.dylib */,
				4495E69715EEBC9F009C2B9F /* Accounts.framework */,
				ACA63D2D15EFE30D00314025 /* FacebookSDK.framework */,
				AC606B6A15DC492F008FDF8F /* QuartzCore.framework */,
				AC606B5615DBED28008FDF8F /* dyfocus_icon_square_114x114.png */,
				AC606B5315DBED1C008FDF8F /* dyfocus_icon_square_57x57.png */,
				AC8D7B6D15DB660C00058949 /* dynafocus_icon_beta1_orange_nofill_114x114.png */,
				AC8D7B6B15DB660600058949 /* dynafocus_icon_beta1_orange_nofill_57x57.png */,
				AC8D7B6915DB408600058949 /* libz.1.2.5.dylib */,
				AC8D7B6715DB406200058949 /* MobileCoreServices.framework */,
				AC8D7B6515DB403700058949 /* SystemConfiguration.framework */,
				AC8D7B6215DB3F6300058949 /* CFNetwork.framework */,
				AC07F47B15B4E8A10003C56C /* dynafocus_icon_beta1_orange_nofill_144x144.png */,
				AC07F47815B4E8120003C56C /* dynafocus_icon_beta1_orange_nofill_72x72.png */,
				441BFFB515B131D200E204D7 /* DyFocus */,
				441BFFAE15B131D200E204D7 /* Frameworks */,
				441BFFAC15B131D200E204D7 /* Products */,
			);
			sourceTree = "<group>";
		};
		441BFFAC15B131D200E204D7 /* Products */ = {
			isa = PBXGroup;
			children = (
				441BFFAB15B131D200E204D7 /* dyfocus.app */,
			);
			name = Products;
			sourceTree = "<group>";
		};
		441BFFAE15B131D200E204D7 /* Frameworks */ = {
			isa = PBXGroup;
			children = (
				4495E69B15EEDFCF009C2B9F /* FacebookSDKResources.bundle */,
				441BFFCF15B132A900E204D7 /* ImageIO.framework */,
				441BFFCD15B1329B00E204D7 /* CoreMedia.framework */,
				441BFFCB15B1328300E204D7 /* AVFoundation.framework */,
				441BFFAF15B131D200E204D7 /* UIKit.framework */,
				441BFFB115B131D200E204D7 /* Foundation.framework */,
				441BFFB315B131D200E204D7 /* CoreGraphics.framework */,
			);
			name = Frameworks;
			sourceTree = "<group>";
		};
		441BFFB515B131D200E204D7 /* DyFocus */ = {
			isa = PBXGroup;
			children = (
				4496A0D815FBDF56003C8439 /* TestFlightSDK1.0 */,
				441BFFBE15B131D200E204D7 /* AppDelegate.h */,
				441BFFBF15B131D200E204D7 /* AppDelegate.m */,
				AC8C262215DAA9BC0093FFD2 /* Resources */,
				442B552315B2238800C952D1 /* Controllers */,
				44C8DA4D15B20FEC000D2947 /* Views */,
				441BFFB615B131D200E204D7 /* Supporting Files */,
			);
			path = DyFocus;
			sourceTree = "<group>";
		};
		441BFFB615B131D200E204D7 /* Supporting Files */ = {
			isa = PBXGroup;
			children = (
				AC8D7B2F15DB311000058949 /* Lib */,
				AC8C262915DAA9D30093FFD2 /* df_featured_bw.png */,
				441BFFB715B131D200E204D7 /* DyFocus-Info.plist */,
				441BFFB815B131D200E204D7 /* InfoPlist.strings */,
				441BFFBB15B131D200E204D7 /* main.m */,
				441BFFBD15B131D200E204D7 /* DyFocus-Prefix.pch */,
			);
			name = "Supporting Files";
			sourceTree = "<group>";
		};
		442B552315B2238800C952D1 /* Controllers */ = {
			isa = PBXGroup;
			children = (
				441BFFC615B1324700E204D7 /* CameraView.h */,
				AC606B6815DC4912008FDF8F /* CameraView.m */,
				441BFFC815B1324700E204D7 /* CameraView.xib */,
				441BFFD515B1339800E204D7 /* GalleryView.h */,
				441BFFD615B1339800E204D7 /* GalleryView.m */,
				441BFFD715B1339800E204D7 /* GalleryView.xib */,
				44BEFED415B14404004358C9 /* FOFPreview.h */,
				44BEFED515B14404004358C9 /* FOFPreview.m */,
				44BEFED615B14404004358C9 /* FOFPreview.xib */,
				44798EAC15E433B700D5BC53 /* WebViewController.h */,
				44798EAD15E433B700D5BC53 /* WebViewController.m */,
				444ACB0815EDB38C00A5D581 /* DyfocusUITabBarController.h */,
				444ACB0915EDB38C00A5D581 /* DyfocusUITabBarController.m */,
				444ACB1D15EDF1FB00A5D581 /* DyfocusUINavigationController.h */,
				444ACB1E15EDF1FB00A5D581 /* DyfocusUINavigationController.m */,
				4495E69215EEB368009C2B9F /* SharingController.h */,
				4495E69315EEB368009C2B9F /* SharingController.m */,
				4495E69415EEB368009C2B9F /* SharingController.xib */,
				ACA63D3315EFE68900314025 /* FriendsController.h */,
				ACA63D3415EFE68900314025 /* FriendsController.m */,
				ACA63D3515EFE68900314025 /* FriendsController.xib */,
				ACA63D3815EFED4A00314025 /* ProfileController.h */,
				ACA63D3915EFED4A00314025 /* ProfileController.m */,
				ACA63D3A15EFED4B00314025 /* ProfileController.xib */,
			);
			name = Controllers;
			sourceTree = "<group>";
		};
		4496A0D815FBDF56003C8439 /* TestFlightSDK1.0 */ = {
			isa = PBXGroup;
			children = (
				4496A0D915FBDF56003C8439 /* libTestFlight.a */,
				4496A0DA15FBDF56003C8439 /* README.txt */,
				4496A0DB15FBDF56003C8439 /* release_notes.txt */,
				4496A0DC15FBDF56003C8439 /* TestFlight.h */,
			);
			path = TestFlightSDK1.0;
			sourceTree = "<group>";
		};
		44C8DA4D15B20FEC000D2947 /* Views */ = {
			isa = PBXGroup;
			children = (
				44798EB415E4362000D5BC53 /* ActivityLabel.m */,
				44798EB315E4361100D5BC53 /* ActivityLabel.h */,
				44C8DA4015B1FF80000D2947 /* PathView.h */,
				44C8DA4115B1FF80000D2947 /* PathView.m */,
				44798EB015E4355100D5BC53 /* LoadView.h */,
				44798EB115E4355100D5BC53 /* LoadView.m */,
				444ACAFC15EC22E400A5D581 /* UIImage+fixOrientation.h */,
				444ACAFD15EC22E400A5D581 /* UIImage+fixOrientation.m */,
			);
			name = Views;
			sourceTree = "<group>";
		};
		AC8C262215DAA9BC0093FFD2 /* Resources */ = {
			isa = PBXGroup;
			children = (
				AC606B5815DBF24B008FDF8F /* df_friends_bw.png */,
				AC606B5915DBF24B008FDF8F /* df_featured_bw.png */,
				AC606B5A15DBF24B008FDF8F /* df_feed_bw.png */,
				AC606B5B15DBF24B008FDF8F /* df_profile_bw.png */,
				AC606B5C15DBF24B008FDF8F /* df_profile_bw@2x.png */,
				AC606B5D15DBF24B008FDF8F /* df_feed_bw@2x.png */,
				AC606B5E15DBF24B008FDF8F /* df_featured_bw@2x.png */,
				AC606B5F15DBF24B008FDF8F /* df_friends_bw@2x.png */,
				AC8C262A15DAA9D30093FFD2 /* df_shoot_bw.png */,
				AC8C262B15DAA9D30093FFD2 /* df_shoot_bw@2x.png */,
			);
			name = Resources;
			sourceTree = "<group>";
		};
		AC8D7B2F15DB311000058949 /* Lib */ = {
			isa = PBXGroup;
			children = (
				AC8D7B5E15DB347700058949 /* ASIDataCompressor.h */,
				AC8D7B5F15DB347700058949 /* ASIDataCompressor.m */,
				AC8D7B5A15DB344D00058949 /* ASIDataDecompressor.h */,
				AC8D7B5B15DB344D00058949 /* ASIDataDecompressor.m */,
				AC8D7B3015DB311D00058949 /* ASIAuthenticationDialog.h */,
				AC8D7B3115DB311D00058949 /* ASIAuthenticationDialog.m */,
				AC8D7B3215DB311D00058949 /* ASICacheDelegate.h */,
				AC8D7B3315DB311D00058949 /* ASIDownloadCache.h */,
				AC8D7B3415DB311D00058949 /* ASIDownloadCache.m */,
				AC8D7B3515DB311D00058949 /* ASIFormDataRequest.h */,
				AC8D7B3615DB311D00058949 /* ASIFormDataRequest.m */,
				AC8D7B3715DB311D00058949 /* ASIHTTPRequest.h */,
				AC8D7B3815DB311D00058949 /* ASIHTTPRequest.m */,
				AC8D7B3915DB311D00058949 /* ASIHTTPRequestConfig.h */,
				AC8D7B3A15DB311D00058949 /* ASIHTTPRequestDelegate.h */,
				AC8D7B3B15DB311D00058949 /* ASIInputStream.h */,
				AC8D7B3C15DB311D00058949 /* ASIInputStream.m */,
				AC8D7B3D15DB311D00058949 /* ASINetworkQueue.h */,
				AC8D7B3E15DB311D00058949 /* ASINetworkQueue.m */,
				AC8D7B3F15DB311D00058949 /* ASIProgressDelegate.h */,
				AC8D7B4015DB311D00058949 /* Reachability.h */,
				AC8D7B4115DB311D00058949 /* Reachability.m */,
			);
			name = Lib;
			sourceTree = "<group>";
		};
/* End PBXGroup section */

/* Begin PBXNativeTarget section */
		441BFFAA15B131D200E204D7 /* dyfocus */ = {
			isa = PBXNativeTarget;
			buildConfigurationList = 441BFFC315B131D200E204D7 /* Build configuration list for PBXNativeTarget "dyfocus" */;
			buildPhases = (
				441BFFA715B131D200E204D7 /* Sources */,
				441BFFA815B131D200E204D7 /* Frameworks */,
				441BFFA915B131D200E204D7 /* Resources */,
			);
			buildRules = (
			);
			dependencies = (
			);
			name = dyfocus;
			productName = DyFocus;
			productReference = 441BFFAB15B131D200E204D7 /* dyfocus.app */;
			productType = "com.apple.product-type.application";
		};
/* End PBXNativeTarget section */

/* Begin PBXProject section */
		441BFFA215B131D200E204D7 /* Project object */ = {
			isa = PBXProject;
			attributes = {
				LastUpgradeCheck = 0450;
				ORGANIZATIONNAME = Ufscar;
			};
			buildConfigurationList = 441BFFA515B131D200E204D7 /* Build configuration list for PBXProject "DyFocus" */;
			compatibilityVersion = "Xcode 3.2";
			developmentRegion = English;
			hasScannedForEncodings = 0;
			knownRegions = (
				en,
			);
			mainGroup = 441BFFA015B131D200E204D7;
			productRefGroup = 441BFFAC15B131D200E204D7 /* Products */;
			projectDirPath = "";
			projectRoot = "";
			targets = (
				441BFFAA15B131D200E204D7 /* dyfocus */,
			);
		};
/* End PBXProject section */

/* Begin PBXResourcesBuildPhase section */
		441BFFA915B131D200E204D7 /* Resources */ = {
			isa = PBXResourcesBuildPhase;
			buildActionMask = 2147483647;
			files = (
				441BFFBA15B131D200E204D7 /* InfoPlist.strings in Resources */,
				441BFFCA15B1324700E204D7 /* CameraView.xib in Resources */,
				441BFFD915B1339900E204D7 /* GalleryView.xib in Resources */,
				44BEFED815B14404004358C9 /* FOFPreview.xib in Resources */,
				AC07F47915B4E8120003C56C /* dynafocus_icon_beta1_orange_nofill_72x72.png in Resources */,
				AC07F47C15B4E8A10003C56C /* dynafocus_icon_beta1_orange_nofill_144x144.png in Resources */,
				AC8C263315DAA9D30093FFD2 /* df_featured_bw.png in Resources */,
				AC8C263415DAA9D30093FFD2 /* df_shoot_bw.png in Resources */,
				AC8C263515DAA9D30093FFD2 /* df_shoot_bw@2x.png in Resources */,
				AC8D7B6C15DB660600058949 /* dynafocus_icon_beta1_orange_nofill_57x57.png in Resources */,
				AC8D7B6E15DB660C00058949 /* dynafocus_icon_beta1_orange_nofill_114x114.png in Resources */,
				AC606B5415DBED1C008FDF8F /* dyfocus_icon_square_57x57.png in Resources */,
				AC606B5715DBED28008FDF8F /* dyfocus_icon_square_114x114.png in Resources */,
				AC606B6015DBF24B008FDF8F /* df_friends_bw.png in Resources */,
				AC606B6115DBF24B008FDF8F /* df_featured_bw.png in Resources */,
				AC606B6215DBF24B008FDF8F /* df_feed_bw.png in Resources */,
				AC606B6315DBF24B008FDF8F /* df_profile_bw.png in Resources */,
				AC606B6415DBF24B008FDF8F /* df_profile_bw@2x.png in Resources */,
				AC606B6515DBF24B008FDF8F /* df_feed_bw@2x.png in Resources */,
				AC606B6615DBF24B008FDF8F /* df_featured_bw@2x.png in Resources */,
				AC606B6715DBF24B008FDF8F /* df_friends_bw@2x.png in Resources */,
				4495E69615EEB368009C2B9F /* SharingController.xib in Resources */,
				4495E69C15EEDFCF009C2B9F /* FacebookSDKResources.bundle in Resources */,
				ACA63D3715EFE68900314025 /* FriendsController.xib in Resources */,
				ACA63D3C15EFED4B00314025 /* ProfileController.xib in Resources */,
				4496A0DE15FBDF56003C8439 /* README.txt in Resources */,
				4496A0DF15FBDF56003C8439 /* release_notes.txt in Resources */,
			);
			runOnlyForDeploymentPostprocessing = 0;
		};
/* End PBXResourcesBuildPhase section */

/* Begin PBXSourcesBuildPhase section */
		441BFFA715B131D200E204D7 /* Sources */ = {
			isa = PBXSourcesBuildPhase;
			buildActionMask = 2147483647;
			files = (
				AC8D7B6015DB348600058949 /* ASIDataCompressor.h in Sources */,
				AC8D7B6115DB348600058949 /* ASIDataCompressor.m in Sources */,
				AC8D7B5C15DB345900058949 /* ASIDataDecompressor.h in Sources */,
				AC8D7B5D15DB345900058949 /* ASIDataDecompressor.m in Sources */,
				AC8D7B4815DB341700058949 /* ASIAuthenticationDialog.h in Sources */,
				AC8D7B4915DB341700058949 /* ASIAuthenticationDialog.m in Sources */,
				AC8D7B4A15DB341700058949 /* ASICacheDelegate.h in Sources */,
				AC8D7B4B15DB341700058949 /* ASIDownloadCache.h in Sources */,
				AC8D7B4C15DB341700058949 /* ASIDownloadCache.m in Sources */,
				AC8D7B4D15DB341700058949 /* ASIFormDataRequest.h in Sources */,
				AC8D7B4E15DB341700058949 /* ASIFormDataRequest.m in Sources */,
				AC8D7B4F15DB341700058949 /* ASIHTTPRequest.h in Sources */,
				AC8D7B5015DB341700058949 /* ASIHTTPRequest.m in Sources */,
				AC8D7B5115DB341700058949 /* ASIHTTPRequestConfig.h in Sources */,
				AC8D7B5215DB341700058949 /* ASIHTTPRequestDelegate.h in Sources */,
				AC8D7B5315DB341700058949 /* ASIInputStream.h in Sources */,
				AC8D7B5415DB341700058949 /* ASIInputStream.m in Sources */,
				AC8D7B5515DB341700058949 /* ASINetworkQueue.h in Sources */,
				AC8D7B5615DB341700058949 /* ASINetworkQueue.m in Sources */,
				AC8D7B5715DB341700058949 /* ASIProgressDelegate.h in Sources */,
				AC8D7B5815DB341700058949 /* Reachability.h in Sources */,
				AC8D7B5915DB341700058949 /* Reachability.m in Sources */,
				441BFFBC15B131D200E204D7 /* main.m in Sources */,
				441BFFC015B131D200E204D7 /* AppDelegate.m in Sources */,
				441BFFD815B1339900E204D7 /* GalleryView.m in Sources */,
				44BEFED715B14404004358C9 /* FOFPreview.m in Sources */,
				44C8DA4215B1FF80000D2947 /* PathView.m in Sources */,
				AC606B6915DC4912008FDF8F /* CameraView.m in Sources */,
				44798EAE15E433B700D5BC53 /* WebViewController.m in Sources */,
				44798EB215E4355100D5BC53 /* LoadView.m in Sources */,
				44798EB515E4362000D5BC53 /* ActivityLabel.m in Sources */,
				444ACAFE15EC22E400A5D581 /* UIImage+fixOrientation.m in Sources */,
				444ACB0A15EDB38D00A5D581 /* DyfocusUITabBarController.m in Sources */,
				444ACB1F15EDF1FB00A5D581 /* DyfocusUINavigationController.m in Sources */,
				4495E69515EEB368009C2B9F /* SharingController.m in Sources */,
				ACA63D3615EFE68900314025 /* FriendsController.m in Sources */,
				ACA63D3B15EFED4B00314025 /* ProfileController.m in Sources */,
			);
			runOnlyForDeploymentPostprocessing = 0;
		};
/* End PBXSourcesBuildPhase section */

/* Begin PBXVariantGroup section */
		441BFFB815B131D200E204D7 /* InfoPlist.strings */ = {
			isa = PBXVariantGroup;
			children = (
				441BFFB915B131D200E204D7 /* en */,
			);
			name = InfoPlist.strings;
			sourceTree = "<group>";
		};
/* End PBXVariantGroup section */

/* Begin XCBuildConfiguration section */
		441BFFC115B131D200E204D7 /* Debug */ = {
			isa = XCBuildConfiguration;
			buildSettings = {
				ALWAYS_SEARCH_USER_PATHS = NO;
				ARCHS = "$(ARCHS_STANDARD_32_BIT)";
				CODE_SIGN_IDENTITY = "iPhone Distribution: Daniel Bragiel";
				"CODE_SIGN_IDENTITY[sdk=iphoneos*]" = "";
				COPY_PHASE_STRIP = NO;
				GCC_C_LANGUAGE_STANDARD = gnu99;
				GCC_DYNAMIC_NO_PIC = NO;
				GCC_OPTIMIZATION_LEVEL = 0;
				GCC_PREPROCESSOR_DEFINITIONS = (
					"DEBUG=1",
					"$(inherited)",
				);
				GCC_SYMBOLS_PRIVATE_EXTERN = NO;
				GCC_VERSION = com.apple.compilers.llvm.clang.1_0;
				GCC_WARN_ABOUT_MISSING_PROTOTYPES = YES;
				GCC_WARN_ABOUT_RETURN_TYPE = YES;
				GCC_WARN_UNUSED_VARIABLE = YES;
				IPHONEOS_DEPLOYMENT_TARGET = 5.1;
				PROVISIONING_PROFILE = "";
				SDKROOT = iphoneos5.1;
				STRIP_INSTALLED_PRODUCT = NO;
				TARGETED_DEVICE_FAMILY = "1,2";
			};
			name = Debug;
		};
		441BFFC215B131D200E204D7 /* Release */ = {
			isa = XCBuildConfiguration;
			buildSettings = {
				ALWAYS_SEARCH_USER_PATHS = NO;
				ARCHS = "$(ARCHS_STANDARD_32_BIT)";
				CODE_SIGN_IDENTITY = "iPhone Distribution: Daniel Bragiel";
				"CODE_SIGN_IDENTITY[sdk=iphoneos*]" = "iPhone Distribution: Daniel Bragiel";
				COPY_PHASE_STRIP = NO;
				GCC_C_LANGUAGE_STANDARD = gnu99;
				GCC_VERSION = com.apple.compilers.llvm.clang.1_0;
				GCC_WARN_ABOUT_MISSING_PROTOTYPES = YES;
				GCC_WARN_ABOUT_RETURN_TYPE = YES;
				GCC_WARN_UNUSED_VARIABLE = YES;
				IPHONEOS_DEPLOYMENT_TARGET = 5.1;
				OTHER_CFLAGS = "-DNS_BLOCK_ASSERTIONS=1";
				PROVISIONING_PROFILE = "";
				"PROVISIONING_PROFILE[sdk=iphoneos*]" = "";
				SDKROOT = iphoneos5.1;
				STRIP_INSTALLED_PRODUCT = NO;
				TARGETED_DEVICE_FAMILY = "1,2";
				VALIDATE_PRODUCT = YES;
			};
			name = Release;
		};
		441BFFC415B131D200E204D7 /* Debug */ = {
			isa = XCBuildConfiguration;
			buildSettings = {
				CODE_SIGN_IDENTITY = "";
				FRAMEWORK_SEARCH_PATHS = (
					"$(inherited)",
					"\"$(SRCROOT)/../../FacebookSDK\"",
					"\"$(SRCROOT)\"",
				);
				GCC_PRECOMPILE_PREFIX_HEADER = YES;
				GCC_PREFIX_HEADER = "DyFocus/DyFocus-Prefix.pch";
				INFOPLIST_FILE = "DyFocus/DyFocus-Info.plist";
				IPHONEOS_DEPLOYMENT_TARGET = 5.1;
				LIBRARY_SEARCH_PATHS = (
					"$(inherited)",
					"\"$(SRCROOT)/DyFocus/TestFlightSDK1.0\"",
				);
				OTHER_LDFLAGS = "-lsqlite3.0";
				PRODUCT_NAME = "$(TARGET_NAME)";
				SDKROOT = iphoneos5.1;
				TARGETED_DEVICE_FAMILY = "1,2";
				WRAPPER_EXTENSION = app;
			};
			name = Debug;
		};
		441BFFC515B131D200E204D7 /* Release */ = {
			isa = XCBuildConfiguration;
			buildSettings = {
				CODE_SIGN_IDENTITY = "iPhone Distribution: Daniel Bragiel";
				"CODE_SIGN_IDENTITY[sdk=iphoneos*]" = "iPhone Distribution: Daniel Bragiel";
				FRAMEWORK_SEARCH_PATHS = (
					"$(inherited)",
					"\"$(SRCROOT)/../../FacebookSDK\"",
					"\"$(SRCROOT)\"",
				);
				GCC_PRECOMPILE_PREFIX_HEADER = YES;
				GCC_PREFIX_HEADER = "DyFocus/DyFocus-Prefix.pch";
				INFOPLIST_FILE = "DyFocus/DyFocus-Info.plist";
				IPHONEOS_DEPLOYMENT_TARGET = 5.1;
				LIBRARY_SEARCH_PATHS = (
					"$(inherited)",
					"\"$(SRCROOT)/DyFocus/TestFlightSDK1.0\"",
				);
				OTHER_LDFLAGS = "-lsqlite3.0";
				PRODUCT_NAME = "$(TARGET_NAME)";
				PROVISIONING_PROFILE = "05ADD253-63CC-4B35-97D6-C68E77487718";
				"PROVISIONING_PROFILE[sdk=iphoneos*]" = "05ADD253-63CC-4B35-97D6-C68E77487718";
				SDKROOT = iphoneos5.1;
				TARGETED_DEVICE_FAMILY = "1,2";
				WRAPPER_EXTENSION = app;
			};
			name = Release;
		};
/* End XCBuildConfiguration section */

/* Begin XCConfigurationList section */
		441BFFA515B131D200E204D7 /* Build configuration list for PBXProject "DyFocus" */ = {
			isa = XCConfigurationList;
			buildConfigurations = (
				441BFFC115B131D200E204D7 /* Debug */,
				441BFFC215B131D200E204D7 /* Release */,
			);
			defaultConfigurationIsVisible = 0;
			defaultConfigurationName = Release;
		};
		441BFFC315B131D200E204D7 /* Build configuration list for PBXNativeTarget "dyfocus" */ = {
			isa = XCConfigurationList;
			buildConfigurations = (
				441BFFC415B131D200E204D7 /* Debug */,
				441BFFC515B131D200E204D7 /* Release */,
			);
			defaultConfigurationIsVisible = 0;
			defaultConfigurationName = Release;
		};
/* End XCConfigurationList section */
	};
	rootObject = 441BFFA215B131D200E204D7 /* Project object */;
}
